{
  "name": "connect-fonts",
  "version": "2.1.5",
  "dependencies": {
    "mime": {
      "version": "2.0.3",
      "from": "mime@2.0.3",
      "resolved": "https://registry.npmjs.org/mime/-/mime-2.0.3.tgz"
    },
    "negotiator": {
      "version": "0.6.1",
      "from": "negotiator@>=0.6.1 <0.7.0",
      "resolved": "https://registry.npmjs.org/negotiator/-/negotiator-0.6.1.tgz"
    },
    "node-font-face-generator": {
      "version": "0.1.9",
      "from": "node-font-face-generator@0.1.9",
      "resolved": "https://registry.npmjs.org/node-font-face-generator/-/node-font-face-generator-0.1.9.tgz",
      "dependencies": {
        "ejs": {
          "version": "1.0.0",
          "from": "ejs@1.0.0",
          "resolved": "https://registry.npmjs.org/ejs/-/ejs-1.0.0.tgz"
        },
        "node-uap": {
          "version": "0.0.3",
          "from": "node-uap@0.0.3",
          "resolved": "https://registry.npmjs.org/node-uap/-/node-uap-0.0.3.tgz",
          "dependencies": {
            "uap-core": {
              "version": "0.5.0",
              "from": "git://github.com/ua-parser/uap-core.git",
              "resolved": "git://github.com/ua-parser/uap-core.git#5dceb896913fc953d52881bf77e6ed64fd1b4054"
            },
            "uap-ref-impl": {
              "version": "0.2.0",
              "from": "uap-ref-impl@0.2.0",
              "resolved": "https://registry.npmjs.org/uap-ref-impl/-/uap-ref-impl-0.2.0.tgz"
            },
            "yamlparser": {
              "version": "0.0.2",
              "from": "yamlparser@0.0.2",
              "resolved": "https://registry.npmjs.org/yamlparser/-/yamlparser-0.0.2.tgz"
            }
          }
        }
      }
    },
    "oppressor-contrib": {
      "version": "1.0.1",
      "from": "oppressor-contrib@1.0.1",
      "resolved": "https://registry.npmjs.org/oppressor-contrib/-/oppressor-contrib-1.0.1.tgz"
    },
    "os-tmpdir": {
      "version": "1.0.2",
      "from": "os-tmpdir@>=1.0.2 <1.1.0",
      "resolved": "https://registry.npmjs.org/os-tmpdir/-/os-tmpdir-1.0.2.tgz"
    },
    "response-stream": {
      "version": "0.0.0",
      "from": "response-stream@>=0.0.0 <0.1.0",
      "resolved": "https://registry.npmjs.org/response-stream/-/response-stream-0.0.0.tgz"
    },
    "through": {
      "version": "0.1.4",
      "from": "through@>=0.1.4 <0.2.0",
      "resolved": "https://registry.npmjs.org/through/-/through-0.1.4.tgz"
    },
    "tmp": {
      "version": "0.0.33",
      "from": "tmp@0.0.33",
      "resolved": "https://registry.npmjs.org/tmp/-/tmp-0.0.33.tgz"
    }
  }
}
